<?xml version="1.0" encoding="utf-8"?>
<Project ToolsVersion="4.0" xmlns="http://schemas.microsoft.com/developer/msbuild/2003">
  <ItemGroup>
    <Filter Include="Core.definition">
      <UniqueIdentifier>{45cff361-ee34-40e2-9569-c2ba7b8f04d9}</UniqueIdentifier>
    </Filter>
    <Filter Include="DirectX11Common">
      <UniqueIdentifier>{21614411-27dc-43d0-baf6-806027afc35d}</UniqueIdentifier>
    </Filter>
    <Filter Include="WindowsApplication">
      <UniqueIdentifier>{e45d8173-5cd0-4c14-93c8-f109ead57c31}</UniqueIdentifier>
    </Filter>
    <Filter Include="WindowsApplication\CoreWindow">
      <UniqueIdentifier>{eec97127-ce4f-42bb-b91d-0f8e870e58f4}</UniqueIdentifier>
    </Filter>
    <Filter Include="Utility">
      <UniqueIdentifier>{059fcb1a-79fa-4d01-82ee-2821d77a9a57}</UniqueIdentifier>
    </Filter>
    <Filter Include="Core.Assert">
      <UniqueIdentifier>{db8ea0c4-5a20-4af8-861d-271ee6c424fb}</UniqueIdentifier>
    </Filter>
    <Filter Include="thirdPartyLib">
      <UniqueIdentifier>{6c19f7b2-f93d-4064-bd23-59d0241ea24d}</UniqueIdentifier>
    </Filter>
    <Filter Include="thirdPartyLib\fmt">
      <UniqueIdentifier>{897a0b1a-b325-47a8-b386-5913709ebdc5}</UniqueIdentifier>
    </Filter>
    <Filter Include="thirdPartyLib\fmt\src">
      <UniqueIdentifier>{827b4b8c-ac30-47d5-b699-da990724f947}</UniqueIdentifier>
    </Filter>
    <Filter Include="thirdPartyLib\fmt\include">
      <UniqueIdentifier>{22fa1b75-d67d-47fb-be8a-0d694b151c27}</UniqueIdentifier>
    </Filter>
    <Filter Include="Core.Console">
      <UniqueIdentifier>{cd58958c-be03-425c-ba98-25fff4128742}</UniqueIdentifier>
    </Filter>
    <Filter Include="Core.Mathf">
      <UniqueIdentifier>{77365139-821f-44e0-b873-c56013b686fa}</UniqueIdentifier>
    </Filter>
    <Filter Include="Core.Random">
      <UniqueIdentifier>{8c9f5eac-4cca-420e-ac7f-6ad68780f9e0}</UniqueIdentifier>
    </Filter>
    <Filter Include="Core.Thread">
      <UniqueIdentifier>{bea73a02-d831-429d-a1b7-4a02b675965b}</UniqueIdentifier>
    </Filter>
  </ItemGroup>
  <ItemGroup>
    <ClInclude Include="ClassProperty.h">
      <Filter>Core.definition</Filter>
    </ClInclude>
    <ClInclude Include="Core.Definition.h">
      <Filter>Core.definition</Filter>
    </ClInclude>
    <ClInclude Include="TypeDefinition.h">
      <Filter>Core.definition</Filter>
    </ClInclude>
    <ClInclude Include="DeviceResources.h">
      <Filter>DirectX11Common</Filter>
    </ClInclude>
    <ClInclude Include="DirectXHelper.h">
      <Filter>DirectX11Common</Filter>
    </ClInclude>
    <ClInclude Include="TimeSystem.h">
      <Filter>DirectX11Common</Filter>
    </ClInclude>
    <ClInclude Include="CoreWindow.h">
      <Filter>WindowsApplication\CoreWindow</Filter>
    </ClInclude>
    <ClInclude Include="Banchmark.hpp">
      <Filter>Utility</Filter>
    </ClInclude>
    <ClInclude Include="Core.Assert.hpp">
      <Filter>Core.Assert</Filter>
    </ClInclude>
    <ClInclude Include="fmt\include\fmt\args.h">
      <Filter>thirdPartyLib\fmt\include</Filter>
    </ClInclude>
    <ClInclude Include="fmt\include\fmt\base.h">
      <Filter>thirdPartyLib\fmt\include</Filter>
    </ClInclude>
    <ClInclude Include="fmt\include\fmt\chrono.h">
      <Filter>thirdPartyLib\fmt\include</Filter>
    </ClInclude>
    <ClInclude Include="fmt\include\fmt\color.h">
      <Filter>thirdPartyLib\fmt\include</Filter>
    </ClInclude>
    <ClInclude Include="fmt\include\fmt\compile.h">
      <Filter>thirdPartyLib\fmt\include</Filter>
    </ClInclude>
    <ClInclude Include="fmt\include\fmt\core.h">
      <Filter>thirdPartyLib\fmt\include</Filter>
    </ClInclude>
    <ClInclude Include="fmt\include\fmt\format.h">
      <Filter>thirdPartyLib\fmt\include</Filter>
    </ClInclude>
    <ClInclude Include="fmt\include\fmt\format-inl.h">
      <Filter>thirdPartyLib\fmt\include</Filter>
    </ClInclude>
    <ClInclude Include="fmt\include\fmt\os.h">
      <Filter>thirdPartyLib\fmt\include</Filter>
    </ClInclude>
    <ClInclude Include="fmt\include\fmt\ostream.h">
      <Filter>thirdPartyLib\fmt\include</Filter>
    </ClInclude>
    <ClInclude Include="fmt\include\fmt\printf.h">
      <Filter>thirdPartyLib\fmt\include</Filter>
    </ClInclude>
    <ClInclude Include="fmt\include\fmt\ranges.h">
      <Filter>thirdPartyLib\fmt\include</Filter>
    </ClInclude>
    <ClInclude Include="fmt\include\fmt\std.h">
      <Filter>thirdPartyLib\fmt\include</Filter>
    </ClInclude>
    <ClInclude Include="fmt\include\fmt\xchar.h">
      <Filter>thirdPartyLib\fmt\include</Filter>
    </ClInclude>
    <ClInclude Include="Core.Console.hpp">
      <Filter>Core.Console</Filter>
    </ClInclude>
    <ClInclude Include="Core.Mathf.h">
      <Filter>Core.Mathf</Filter>
    </ClInclude>
    <ClInclude Include="Core.Random.h">
      <Filter>Core.Random</Filter>
    </ClInclude>
    <ClInclude Include="Core.Thread.h">
      <Filter>Core.Thread</Filter>
    </ClInclude>
  </ItemGroup>
  <ItemGroup>
    <ClCompile Include="DeviceResource.cpp">
      <Filter>DirectX11Common</Filter>
    </ClCompile>
    <ClCompile Include="CoreWindow.cpp">
      <Filter>WindowsApplication\CoreWindow</Filter>
    </ClCompile>
    <ClCompile Include="fmt\src\fmt.cc">
      <Filter>thirdPartyLib\fmt\src</Filter>
    </ClCompile>
    <ClCompile Include="fmt\src\format.cc">
      <Filter>thirdPartyLib\fmt\src</Filter>
    </ClCompile>
    <ClCompile Include="fmt\src\os.cc">
      <Filter>thirdPartyLib\fmt\src</Filter>
    </ClCompile>
    <ClCompile Include="Core.Mathf.cpp">
      <Filter>Core.Mathf</Filter>
    </ClCompile>
    <ClCompile Include="Core.Thread.cpp">
      <Filter>Core.Thread</Filter>
    </ClCompile>
  </ItemGroup>
</Project>