<?xml version="1.0" encoding="utf-8"?>
<Project ToolsVersion="4.0" xmlns="http://schemas.microsoft.com/developer/msbuild/2003">
  <ItemGroup>
    <Filter Include="소스 파일">
      <UniqueIdentifier>{4FC737F1-C7A5-4376-A066-2A32D752A2FF}</UniqueIdentifier>
      <Extensions>cpp;c;cc;cxx;c++;cppm;ixx;def;odl;idl;hpj;bat;asm;asmx</Extensions>
    </Filter>
    <Filter Include="헤더 파일">
      <UniqueIdentifier>{93995380-89BD-4b04-88EB-625FBE52EBFB}</UniqueIdentifier>
      <Extensions>h;hh;hpp;hxx;h++;hm;inl;inc;ipp;xsd</Extensions>
    </Filter>
    <Filter Include="리소스 파일">
      <UniqueIdentifier>{67DA6AB6-F800-4c08-8B7A-83BB121AAD01}</UniqueIdentifier>
      <Extensions>rc;ico;cur;bmp;dlg;rc2;rct;bin;rgs;gif;jpg;jpeg;jpe;resx;tiff;tif;png;wav;mfcribbon-ms</Extensions>
    </Filter>
    <Filter Include="Main">
      <UniqueIdentifier>{e1a10329-f736-49d4-b20f-5c0c2b9e72e3}</UniqueIdentifier>
    </Filter>
    <Filter Include="Interface">
      <UniqueIdentifier>{851c8061-a75c-4fb8-9314-89d8d84d1c18}</UniqueIdentifier>
    </Filter>
    <Filter Include="Data">
      <UniqueIdentifier>{4ef4efaf-7369-4103-94c9-245ab631aceb}</UniqueIdentifier>
    </Filter>
    <Filter Include="Func">
      <UniqueIdentifier>{d8de44da-4d37-41de-a79c-3f99125f4baa}</UniqueIdentifier>
    </Filter>
    <Filter Include="Common">
      <UniqueIdentifier>{1cc72946-c63f-40a6-9003-a5d95b767ca0}</UniqueIdentifier>
    </Filter>
  </ItemGroup>
  <ItemGroup>
    <ClInclude Include="framework.h">
      <Filter>헤더 파일</Filter>
    </ClInclude>
    <ClInclude Include="pch.h">
      <Filter>헤더 파일</Filter>
    </ClInclude>
    <ClInclude Include="Physx.h">
      <Filter>Main</Filter>
    </ClInclude>
    <ClInclude Include="IRigidbody.h">
      <Filter>Interface</Filter>
    </ClInclude>
    <ClInclude Include="PhysicsEventCallback.h">
      <Filter>Main</Filter>
    </ClInclude>
    <ClInclude Include="PhysicsInfo.h">
      <Filter>Data</Filter>
    </ClInclude>
    <ClInclude Include="Func.h">
      <Filter>Func</Filter>
    </ClInclude>
    <ClInclude Include="ICollider.h">
      <Filter>Interface</Filter>
    </ClInclude>
    <ClInclude Include="Common.h">
      <Filter>Common</Filter>
    </ClInclude>
  </ItemGroup>
  <ItemGroup>
    <ClCompile Include="Physics.cpp">
      <Filter>소스 파일</Filter>
    </ClCompile>
    <ClCompile Include="pch.cpp">
      <Filter>소스 파일</Filter>
    </ClCompile>
    <ClCompile Include="Physx.cpp">
      <Filter>Main</Filter>
    </ClCompile>
    <ClCompile Include="PhysicsEventCallback.cpp">
      <Filter>Main</Filter>
    </ClCompile>
    <ClCompile Include="Common.cpp">
      <Filter>Common</Filter>
    </ClCompile>
  </ItemGroup>
</Project>